
Microsoft Visual Studio Solution File, Format Version 12.00
# Visual Studio Version 17
VisualStudioVersion = 17.13.35825.156 d17.13
MinimumVisualStudioVersion = 10.0.40219.1
Project("{FAE04EC0-301F-11D3-BF4B-00C04F79EFBC}") = "BAO_CAO", "BAO_CAO\BAO_CAO.csproj", "{6EA4A23A-94F9-4335-9618-3C17556C8574}"
EndProject
Global
	GlobalSection(SolutionConfigurationPlatforms) = preSolution
		Debug|Any CPU = Debug|Any CPU
		Release|Any CPU = Release|Any CPU
	EndGlobalSection
	GlobalSection(ProjectConfigurationPlatforms) = postSolution
		{6EA4A23A-94F9-4335-9618-3C17556C8574}.Debug|Any CPU.ActiveCfg = Debug|Any CPU
		{6EA4A23A-94F9-4335-9618-3C17556C8574}.Debug|Any CPU.Build.0 = Debug|Any CPU
		{6EA4A23A-94F9-4335-9618-3C17556C8574}.Release|Any CPU.ActiveCfg = Release|Any CPU
		{6EA4A23A-94F9-4335-9618-3C17556C8574}.Release|Any CPU.Build.0 = Release|Any CPU
	EndGlobalSection
	GlobalSection(SolutionProperties) = preSolution
		HideSolutionNode = FALSE
	EndGlobalSection
	GlobalSection(ExtensibilityGlobals) = postSolution
		SolutionGuid = {08A131F4-501A-4AFA-A2D1-3FC43F555598}
	EndGlobalSection
EndGlobal
